
Microsoft Visual Studio Solution File, Format Version 12.00
Project("{FAE04EC0-301F-11D3-BF4B-00C04F79EFBC}") = "Havman", "Havman\Havman.csproj", "{DC26E9DB-DEE8-4DC4-AF8B-CBB7F9C243F5}"
EndProject
Global
	GlobalSection(SolutionConfigurationPlatforms) = preSolution
		Debug|Any CPU = Debug|Any CPU
		Release|Any CPU = Release|Any CPU
	EndGlobalSection
	GlobalSection(ProjectConfigurationPlatforms) = postSolution
		{DC26E9DB-DEE8-4DC4-AF8B-CBB7F9C243F5}.Debug|Any CPU.ActiveCfg = Debug|Any CPU
		{DC26E9DB-DEE8-4DC4-AF8B-CBB7F9C243F5}.Debug|Any CPU.Build.0 = Debug|Any CPU
		{DC26E9DB-DEE8-4DC4-AF8B-CBB7F9C243F5}.Release|Any CPU.ActiveCfg = Release|Any CPU
		{DC26E9DB-DEE8-4DC4-AF8B-CBB7F9C243F5}.Release|Any CPU.Build.0 = Release|Any CPU
	EndGlobalSection
EndGlobal
